// !$*UTF8*$!
{
	archiveVersion = 1;
	classes = {
	};
	objectVersion = 56;
	objects = {

/* Begin PBXBuildFile section */
		BC4B27E32C26036E00D2BDD9 /* Colors.swift in Sources */ = {isa = PBXBuildFile; fileRef = BC4B27E22C26036E00D2BDD9 /* Colors.swift */; };
		BC839C802C0F914A00AFADA4 /* timer_widgetApp.swift in Sources */ = {isa = PBXBuildFile; fileRef = BC839C7F2C0F914A00AFADA4 /* timer_widgetApp.swift */; };
		BC839C822C0F914A00AFADA4 /* ContentView.swift in Sources */ = {isa = PBXBuildFile; fileRef = BC839C812C0F914A00AFADA4 /* ContentView.swift */; };
		BC839C842C0F914B00AFADA4 /* Assets.xcassets in Resources */ = {isa = PBXBuildFile; fileRef = BC839C832C0F914B00AFADA4 /* Assets.xcassets */; };
		BC839C872C0F914B00AFADA4 /* Preview Assets.xcassets in Resources */ = {isa = PBXBuildFile; fileRef = BC839C862C0F914B00AFADA4 /* Preview Assets.xcassets */; };
		BC9AA21A2C10AE4E0041A0E6 /* ButtonConfigurations.swift in Sources */ = {isa = PBXBuildFile; fileRef = BC9AA2192C10AE4E0041A0E6 /* ButtonConfigurations.swift */; };
		BC9AA21C2C10BB360041A0E6 /* ListItems.swift in Sources */ = {isa = PBXBuildFile; fileRef = BC9AA21B2C10BB360041A0E6 /* ListItems.swift */; };
		BCA19CA42C2806200071E1D3 /* CoreData.framework in Frameworks */ = {isa = PBXBuildFile; fileRef = BCA19CA32C2806200071E1D3 /* CoreData.framework */; };
		BCA19CE32C280A540071E1D3 /* Model.xcdatamodeld in Sources */ = {isa = PBXBuildFile; fileRef = BCA19CE12C280A540071E1D3 /* Model.xcdatamodeld */; };
		BCEB51372C16FAF9007D2931 /* Countdown.swift in Sources */ = {isa = PBXBuildFile; fileRef = BCEB51362C16FAF9007D2931 /* Countdown.swift */; };
/* End PBXBuildFile section */

/* Begin PBXCopyFilesBuildPhase section */
		BC989A402C1ADF3200EAEF49 /* Embed Foundation Extensions */ = {
			isa = PBXCopyFilesBuildPhase;
			buildActionMask = 2147483647;
			dstPath = "";
			dstSubfolderSpec = 13;
			files = (
			);
			name = "Embed Foundation Extensions";
			runOnlyForDeploymentPostprocessing = 0;
		};
/* End PBXCopyFilesBuildPhase section */

/* Begin PBXFileReference section */
		BC4B27E22C26036E00D2BDD9 /* Colors.swift */ = {isa = PBXFileReference; lastKnownFileType = sourcecode.swift; path = Colors.swift; sourceTree = "<group>"; };
		BC839C7C2C0F914A00AFADA4 /* timer widget.app */ = {isa = PBXFileReference; explicitFileType = wrapper.application; includeInIndex = 0; path = "timer widget.app"; sourceTree = BUILT_PRODUCTS_DIR; };
		BC839C7F2C0F914A00AFADA4 /* timer_widgetApp.swift */ = {isa = PBXFileReference; lastKnownFileType = sourcecode.swift; path = timer_widgetApp.swift; sourceTree = "<group>"; };
		BC839C812C0F914A00AFADA4 /* ContentView.swift */ = {isa = PBXFileReference; lastKnownFileType = sourcecode.swift; path = ContentView.swift; sourceTree = "<group>"; };
		BC839C832C0F914B00AFADA4 /* Assets.xcassets */ = {isa = PBXFileReference; lastKnownFileType = folder.assetcatalog; path = Assets.xcassets; sourceTree = "<group>"; };
		BC839C862C0F914B00AFADA4 /* Preview Assets.xcassets */ = {isa = PBXFileReference; lastKnownFileType = folder.assetcatalog; path = "Preview Assets.xcassets"; sourceTree = "<group>"; };
		BC989A2A2C1ADF2F00EAEF49 /* WidgetKit.framework */ = {isa = PBXFileReference; lastKnownFileType = wrapper.framework; name = WidgetKit.framework; path = System/Library/Frameworks/WidgetKit.framework; sourceTree = SDKROOT; };
		BC989A2C2C1ADF2F00EAEF49 /* SwiftUI.framework */ = {isa = PBXFileReference; lastKnownFileType = wrapper.framework; name = SwiftUI.framework; path = System/Library/Frameworks/SwiftUI.framework; sourceTree = SDKROOT; };
		BC9AA2192C10AE4E0041A0E6 /* ButtonConfigurations.swift */ = {isa = PBXFileReference; lastKnownFileType = sourcecode.swift; path = ButtonConfigurations.swift; sourceTree = "<group>"; };
		BC9AA21B2C10BB360041A0E6 /* ListItems.swift */ = {isa = PBXFileReference; lastKnownFileType = sourcecode.swift; path = ListItems.swift; sourceTree = "<group>"; };
		BCA19CA32C2806200071E1D3 /* CoreData.framework */ = {isa = PBXFileReference; lastKnownFileType = wrapper.framework; name = CoreData.framework; path = System/Library/Frameworks/CoreData.framework; sourceTree = SDKROOT; };
		BCA19CE22C280A540071E1D3 /* Model.xcdatamodel */ = {isa = PBXFileReference; lastKnownFileType = wrapper.xcdatamodel; path = Model.xcdatamodel; sourceTree = "<group>"; };
		BCEB51362C16FAF9007D2931 /* Countdown.swift */ = {isa = PBXFileReference; lastKnownFileType = sourcecode.swift; path = Countdown.swift; sourceTree = "<group>"; };
/* End PBXFileReference section */

/* Begin PBXFrameworksBuildPhase section */
		BC839C792C0F914A00AFADA4 /* Frameworks */ = {
			isa = PBXFrameworksBuildPhase;
			buildActionMask = 2147483647;
			files = (
				BCA19CA42C2806200071E1D3 /* CoreData.framework in Frameworks */,
			);
			runOnlyForDeploymentPostprocessing = 0;
		};
/* End PBXFrameworksBuildPhase section */

/* Begin PBXGroup section */
		BC4B27E12C25F8B200D2BDD9 /* views */ = {
			isa = PBXGroup;
			children = (
				BC9AA2192C10AE4E0041A0E6 /* ButtonConfigurations.swift */,
			);
			path = views;
			sourceTree = "<group>";
		};
		BC4B27E42C260A0C00D2BDD9 /* types, protocols and extensions */ = {
			isa = PBXGroup;
			children = (
				BCEB51362C16FAF9007D2931 /* Countdown.swift */,
				BC9AA21B2C10BB360041A0E6 /* ListItems.swift */,
				BC4B27E22C26036E00D2BDD9 /* Colors.swift */,
			);
			path = "types, protocols and extensions";
			sourceTree = "<group>";
		};
		BC839C732C0F914A00AFADA4 = {
			isa = PBXGroup;
			children = (
				BC839C7E2C0F914A00AFADA4 /* timer widget */,
				BC989A292C1ADF2F00EAEF49 /* Frameworks */,
				BC839C7D2C0F914A00AFADA4 /* Products */,
			);
			sourceTree = "<group>";
		};
		BC839C7D2C0F914A00AFADA4 /* Products */ = {
			isa = PBXGroup;
			children = (
				BC839C7C2C0F914A00AFADA4 /* timer widget.app */,
			);
			name = Products;
			sourceTree = "<group>";
		};
		BC839C7E2C0F914A00AFADA4 /* timer widget */ = {
			isa = PBXGroup;
			children = (
				BC839C7F2C0F914A00AFADA4 /* timer_widgetApp.swift */,
				BCA19CE12C280A540071E1D3 /* Model.xcdatamodeld */,
				BC839C812C0F914A00AFADA4 /* ContentView.swift */,
				BC4B27E12C25F8B200D2BDD9 /* views */,
				BC4B27E42C260A0C00D2BDD9 /* types, protocols and extensions */,
				BC839C832C0F914B00AFADA4 /* Assets.xcassets */,
				BC839C852C0F914B00AFADA4 /* Preview Content */,
			);
			path = "timer widget";
			sourceTree = "<group>";
		};
		BC839C852C0F914B00AFADA4 /* Preview Content */ = {
			isa = PBXGroup;
			children = (
				BC839C862C0F914B00AFADA4 /* Preview Assets.xcassets */,
			);
			path = "Preview Content";
			sourceTree = "<group>";
		};
		BC989A292C1ADF2F00EAEF49 /* Frameworks */ = {
			isa = PBXGroup;
			children = (
				BCA19CA32C2806200071E1D3 /* CoreData.framework */,
				BC989A2A2C1ADF2F00EAEF49 /* WidgetKit.framework */,
				BC989A2C2C1ADF2F00EAEF49 /* SwiftUI.framework */,
			);
			name = Frameworks;
			sourceTree = "<group>";
		};
/* End PBXGroup section */

/* Begin PBXNativeTarget section */
		BC839C7B2C0F914A00AFADA4 /* timer widget */ = {
			isa = PBXNativeTarget;
			buildConfigurationList = BC839C8A2C0F914B00AFADA4 /* Build configuration list for PBXNativeTarget "timer widget" */;
			buildPhases = (
				BC839C782C0F914A00AFADA4 /* Sources */,
				BC839C792C0F914A00AFADA4 /* Frameworks */,
				BC839C7A2C0F914A00AFADA4 /* Resources */,
				BC989A402C1ADF3200EAEF49 /* Embed Foundation Extensions */,
			);
			buildRules = (
			);
			dependencies = (
			);
			name = "timer widget";
			productName = "timer widget";
			productReference = BC839C7C2C0F914A00AFADA4 /* timer widget.app */;
			productType = "com.apple.product-type.application";
		};
/* End PBXNativeTarget section */

/* Begin PBXProject section */
		BC839C742C0F914A00AFADA4 /* Project object */ = {
			isa = PBXProject;
			attributes = {
				BuildIndependentTargetsInParallel = 1;
				LastSwiftUpdateCheck = 1540;
				LastUpgradeCheck = 1540;
				TargetAttributes = {
					BC839C7B2C0F914A00AFADA4 = {
						CreatedOnToolsVersion = 15.4;
					};
				};
			};
			buildConfigurationList = BC839C772C0F914A00AFADA4 /* Build configuration list for PBXProject "timer widget" */;
			compatibilityVersion = "Xcode 14.0";
			developmentRegion = en;
			hasScannedForEncodings = 0;
			knownRegions = (
				en,
				Base,
			);
			mainGroup = BC839C732C0F914A00AFADA4;
			productRefGroup = BC839C7D2C0F914A00AFADA4 /* Products */;
			projectDirPath = "";
			projectRoot = "";
			targets = (
				BC839C7B2C0F914A00AFADA4 /* timer widget */,
			);
		};
/* End PBXProject section */

/* Begin PBXResourcesBuildPhase section */
		BC839C7A2C0F914A00AFADA4 /* Resources */ = {
			isa = PBXResourcesBuildPhase;
			buildActionMask = 2147483647;
			files = (
				BC839C872C0F914B00AFADA4 /* Preview Assets.xcassets in Resources */,
				BC839C842C0F914B00AFADA4 /* Assets.xcassets in Resources */,
			);
			runOnlyForDeploymentPostprocessing = 0;
		};
/* End PBXResourcesBuildPhase section */

/* Begin PBXSourcesBuildPhase section */
		BC839C782C0F914A00AFADA4 /* Sources */ = {
			isa = PBXSourcesBuildPhase;
			buildActionMask = 2147483647;
			files = (
				BC839C822C0F914A00AFADA4 /* ContentView.swift in Sources */,
				BC839C802C0F914A00AFADA4 /* timer_widgetApp.swift in Sources */,
				BC9AA21A2C10AE4E0041A0E6 /* ButtonConfigurations.swift in Sources */,
				BCA19CE32C280A540071E1D3 /* Model.xcdatamodeld in Sources */,
				BC4B27E32C26036E00D2BDD9 /* Colors.swift in Sources */,
				BC9AA21C2C10BB360041A0E6 /* ListItems.swift in Sources */,
				BCEB51372C16FAF9007D2931 /* Countdown.swift in Sources */,
			);
			runOnlyForDeploymentPostprocessing = 0;
		};
/* End PBXSourcesBuildPhase section */

/* Begin XCBuildConfiguration section */
		BC839C882C0F914B00AFADA4 /* Debug */ = {
			isa = XCBuildConfiguration;
			buildSettings = {
				ALWAYS_SEARCH_USER_PATHS = NO;
				ASSETCATALOG_COMPILER_GENERATE_SWIFT_ASSET_SYMBOL_EXTENSIONS = YES;
				CLANG_ANALYZER_NONNULL = YES;
				CLANG_ANALYZER_NUMBER_OBJECT_CONVERSION = YES_AGGRESSIVE;
				CLANG_CXX_LANGUAGE_STANDARD = "gnu++20";
				CLANG_ENABLE_MODULES = YES;
				CLANG_ENABLE_OBJC_ARC = YES;
				CLANG_ENABLE_OBJC_WEAK = YES;
				CLANG_WARN_BLOCK_CAPTURE_AUTORELEASING = YES;
				CLANG_WARN_BOOL_CONVERSION = YES;
				CLANG_WARN_COMMA = YES;
				CLANG_WARN_CONSTANT_CONVERSION = YES;
				CLANG_WARN_DEPRECATED_OBJC_IMPLEMENTATIONS = YES;
				CLANG_WARN_DIRECT_OBJC_ISA_USAGE = YES_ERROR;
				CLANG_WARN_DOCUMENTATION_COMMENTS = YES;
				CLANG_WARN_EMPTY_BODY = YES;
				CLANG_WARN_ENUM_CONVERSION = YES;
				CLANG_WARN_INFINITE_RECURSION = YES;
				CLANG_WARN_INT_CONVERSION = YES;
				CLANG_WARN_NON_LITERAL_NULL_CONVERSION = YES;
				CLANG_WARN_OBJC_IMPLICIT_RETAIN_SELF = YES;
				CLANG_WARN_OBJC_LITERAL_CONVERSION = YES;
				CLANG_WARN_OBJC_ROOT_CLASS = YES_ERROR;
				CLANG_WARN_QUOTED_INCLUDE_IN_FRAMEWORK_HEADER = YES;
				CLANG_WARN_RANGE_LOOP_ANALYSIS = YES;
				CLANG_WARN_STRICT_PROTOTYPES = YES;
				CLANG_WARN_SUSPICIOUS_MOVE = YES;
				CLANG_WARN_UNGUARDED_AVAILABILITY = YES_AGGRESSIVE;
				CLANG_WARN_UNREACHABLE_CODE = YES;
				CLANG_WARN__DUPLICATE_METHOD_MATCH = YES;
				COPY_PHASE_STRIP = NO;
				DEBUG_INFORMATION_FORMAT = dwarf;
				ENABLE_STRICT_OBJC_MSGSEND = YES;
				ENABLE_TESTABILITY = YES;
				ENABLE_USER_SCRIPT_SANDBOXING = YES;
				GCC_C_LANGUAGE_STANDARD = gnu17;
				GCC_DYNAMIC_NO_PIC = NO;
				GCC_NO_COMMON_BLOCKS = YES;
				GCC_OPTIMIZATION_LEVEL = 0;
				GCC_PREPROCESSOR_DEFINITIONS = (
					"DEBUG=1",
					"$(inherited)",
				);
				GCC_WARN_64_TO_32_BIT_CONVERSION = YES;
				GCC_WARN_ABOUT_RETURN_TYPE = YES_ERROR;
				GCC_WARN_UNDECLARED_SELECTOR = YES;
				GCC_WARN_UNINITIALIZED_AUTOS = YES_AGGRESSIVE;
				GCC_WARN_UNUSED_FUNCTION = YES;
				GCC_WARN_UNUSED_VARIABLE = YES;
				IPHONEOS_DEPLOYMENT_TARGET = 17.5;
				LOCALIZATION_PREFERS_STRING_CATALOGS = YES;
				MTL_ENABLE_DEBUG_INFO = INCLUDE_SOURCE;
				MTL_FAST_MATH = YES;
				ONLY_ACTIVE_ARCH = YES;
				SDKROOT = iphoneos;
				SWIFT_ACTIVE_COMPILATION_CONDITIONS = "DEBUG $(inherited)";
				SWIFT_OPTIMIZATION_LEVEL = "-Onone";
			};
			name = Debug;
		};
		BC839C892C0F914B00AFADA4 /* Release */ = {
			isa = XCBuildConfiguration;
			buildSettings = {
				ALWAYS_SEARCH_USER_PATHS = NO;
				ASSETCATALOG_COMPILER_GENERATE_SWIFT_ASSET_SYMBOL_EXTENSIONS = YES;
				CLANG_ANALYZER_NONNULL = YES;
				CLANG_ANALYZER_NUMBER_OBJECT_CONVERSION = YES_AGGRESSIVE;
				CLANG_CXX_LANGUAGE_STANDARD = "gnu++20";
				CLANG_ENABLE_MODULES = YES;
				CLANG_ENABLE_OBJC_ARC = YES;
				CLANG_ENABLE_OBJC_WEAK = YES;
				CLANG_WARN_BLOCK_CAPTURE_AUTORELEASING = YES;
				CLANG_WARN_BOOL_CONVERSION = YES;
				CLANG_WARN_COMMA = YES;
				CLANG_WARN_CONSTANT_CONVERSION = YES;
				CLANG_WARN_DEPRECATED_OBJC_IMPLEMENTATIONS = YES;
				CLANG_WARN_DIRECT_OBJC_ISA_USAGE = YES_ERROR;
				CLANG_WARN_DOCUMENTATION_COMMENTS = YES;
				CLANG_WARN_EMPTY_BODY = YES;
				CLANG_WARN_ENUM_CONVERSION = YES;
				CLANG_WARN_INFINITE_RECURSION = YES;
				CLANG_WARN_INT_CONVERSION = YES;
				CLANG_WARN_NON_LITERAL_NULL_CONVERSION = YES;
				CLANG_WARN_OBJC_IMPLICIT_RETAIN_SELF = YES;
				CLANG_WARN_OBJC_LITERAL_CONVERSION = YES;
				CLANG_WARN_OBJC_ROOT_CLASS = YES_ERROR;
				CLANG_WARN_QUOTED_INCLUDE_IN_FRAMEWORK_HEADER = YES;
				CLANG_WARN_RANGE_LOOP_ANALYSIS = YES;
				CLANG_WARN_STRICT_PROTOTYPES = YES;
				CLANG_WARN_SUSPICIOUS_MOVE = YES;
				CLANG_WARN_UNGUARDED_AVAILABILITY = YES_AGGRESSIVE;
				CLANG_WARN_UNREACHABLE_CODE = YES;
				CLANG_WARN__DUPLICATE_METHOD_MATCH = YES;
				COPY_PHASE_STRIP = NO;
				DEBUG_INFORMATION_FORMAT = "dwarf-with-dsym";
				ENABLE_NS_ASSERTIONS = NO;
				ENABLE_STRICT_OBJC_MSGSEND = YES;
				ENABLE_USER_SCRIPT_SANDBOXING = YES;
				GCC_C_LANGUAGE_STANDARD = gnu17;
				GCC_NO_COMMON_BLOCKS = YES;
				GCC_WARN_64_TO_32_BIT_CONVERSION = YES;
				GCC_WARN_ABOUT_RETURN_TYPE = YES_ERROR;
				GCC_WARN_UNDECLARED_SELECTOR = YES;
				GCC_WARN_UNINITIALIZED_AUTOS = YES_AGGRESSIVE;
				GCC_WARN_UNUSED_FUNCTION = YES;
				GCC_WARN_UNUSED_VARIABLE = YES;
				IPHONEOS_DEPLOYMENT_TARGET = 17.5;
				LOCALIZATION_PREFERS_STRING_CATALOGS = YES;
				MTL_ENABLE_DEBUG_INFO = NO;
				MTL_FAST_MATH = YES;
				SDKROOT = iphoneos;
				SWIFT_COMPILATION_MODE = wholemodule;
				VALIDATE_PRODUCT = YES;
			};
			name = Release;
		};
		BC839C8B2C0F914B00AFADA4 /* Debug */ = {
			isa = XCBuildConfiguration;
			buildSettings = {
				ALWAYS_EMBED_SWIFT_STANDARD_LIBRARIES = YES;
				ASSETCATALOG_COMPILER_APPICON_NAME = AppIcon;
				ASSETCATALOG_COMPILER_GLOBAL_ACCENT_COLOR_NAME = AccentColor;
				ASSETCATALOG_COMPILER_INCLUDE_ALL_APPICON_ASSETS = YES;
				CODE_SIGN_STYLE = Manual;
				CURRENT_PROJECT_VERSION = 1;
				DEVELOPMENT_ASSET_PATHS = "\"timer widget/Preview Content\"";
				DEVELOPMENT_TEAM = "";
				ENABLE_PREVIEWS = YES;
				GENERATE_INFOPLIST_FILE = YES;
				INFOPLIST_KEY_LSApplicationCategoryType = "public.app-category.utilities";
				INFOPLIST_KEY_UIApplicationSceneManifest_Generation = YES;
				INFOPLIST_KEY_UIApplicationSupportsIndirectInputEvents = YES;
				INFOPLIST_KEY_UILaunchScreen_Generation = YES;
				INFOPLIST_KEY_UISupportedInterfaceOrientations = "UIInterfaceOrientationLandscapeLeft UIInterfaceOrientationLandscapeRight UIInterfaceOrientationPortrait";
				INFOPLIST_KEY_UISupportedInterfaceOrientations_iPad = "UIInterfaceOrientationLandscapeLeft UIInterfaceOrientationLandscapeRight UIInterfaceOrientationPortrait UIInterfaceOrientationPortraitUpsideDown";
				LD_RUNPATH_SEARCH_PATHS = (
					"$(inherited)",
					"@executable_path/Frameworks",
				);
				MARKETING_VERSION = 1.0;
				PRODUCT_BUNDLE_IDENTIFIER = "com.mefr.timer-widget";
				PRODUCT_NAME = "$(TARGET_NAME)";
				PROVISIONING_PROFILE_SPECIFIER = "";
				SWIFT_EMIT_LOC_STRINGS = YES;
				SWIFT_VERSION = 5.0;
				TARGETED_DEVICE_FAMILY = "1,2";
			};
			name = Debug;
		};
		BC839C8C2C0F914B00AFADA4 /* Release */ = {
			isa = XCBuildConfiguration;
			buildSettings = {
				ALWAYS_EMBED_SWIFT_STANDARD_LIBRARIES = YES;
				ASSETCATALOG_COMPILER_APPICON_NAME = AppIcon;
				ASSETCATALOG_COMPILER_GLOBAL_ACCENT_COLOR_NAME = AccentColor;
				ASSETCATALOG_COMPILER_INCLUDE_ALL_APPICON_ASSETS = YES;
				CODE_SIGN_STYLE = Manual;
				CURRENT_PROJECT_VERSION = 1;
				DEVELOPMENT_ASSET_PATHS = "\"timer widget/Preview Content\"";
				DEVELOPMENT_TEAM = "";
				ENABLE_PREVIEWS = YES;
				GENERATE_INFOPLIST_FILE = YES;
				INFOPLIST_KEY_LSApplicationCategoryType = "public.app-category.utilities";
				INFOPLIST_KEY_UIApplicationSceneManifest_Generation = YES;
				INFOPLIST_KEY_UIApplicationSupportsIndirectInputEvents = YES;
				INFOPLIST_KEY_UILaunchScreen_Generation = YES;
				INFOPLIST_KEY_UISupportedInterfaceOrientations = "UIInterfaceOrientationLandscapeLeft UIInterfaceOrientationLandscapeRight UIInterfaceOrientationPortrait";
				INFOPLIST_KEY_UISupportedInterfaceOrientations_iPad = "UIInterfaceOrientationLandscapeLeft UIInterfaceOrientationLandscapeRight UIInterfaceOrientationPortrait UIInterfaceOrientationPortraitUpsideDown";
				LD_RUNPATH_SEARCH_PATHS = (
					"$(inherited)",
					"@executable_path/Frameworks",
				);
				MARKETING_VERSION = 1.0;
				PRODUCT_BUNDLE_IDENTIFIER = "com.mefr.timer-widget";
				PRODUCT_NAME = "$(TARGET_NAME)";
				PROVISIONING_PROFILE_SPECIFIER = "";
				SWIFT_EMIT_LOC_STRINGS = YES;
				SWIFT_VERSION = 5.0;
				TARGETED_DEVICE_FAMILY = "1,2";
			};
			name = Release;
		};
/* End XCBuildConfiguration section */

/* Begin XCConfigurationList section */
		BC839C772C0F914A00AFADA4 /* Build configuration list for PBXProject "timer widget" */ = {
			isa = XCConfigurationList;
			buildConfigurations = (
				BC839C882C0F914B00AFADA4 /* Debug */,
				BC839C892C0F914B00AFADA4 /* Release */,
			);
			defaultConfigurationIsVisible = 0;
			defaultConfigurationName = Release;
		};
		BC839C8A2C0F914B00AFADA4 /* Build configuration list for PBXNativeTarget "timer widget" */ = {
			isa = XCConfigurationList;
			buildConfigurations = (
				BC839C8B2C0F914B00AFADA4 /* Debug */,
				BC839C8C2C0F914B00AFADA4 /* Release */,
			);
			defaultConfigurationIsVisible = 0;
			defaultConfigurationName = Release;
		};
/* End XCConfigurationList section */

/* Begin XCVersionGroup section */
		BCA19CE12C280A540071E1D3 /* Model.xcdatamodeld */ = {
			isa = XCVersionGroup;
			children = (
				BCA19CE22C280A540071E1D3 /* Model.xcdatamodel */,
			);
			currentVersion = BCA19CE22C280A540071E1D3 /* Model.xcdatamodel */;
			name = Model.xcdatamodeld;
			path = "/Users/valki/Developer/timer widget/timer widget/Model.xcdatamodeld";
			sourceTree = "<group>";
			versionGroupType = wrapper.xcdatamodel;
		};
/* End XCVersionGroup section */
	};
	rootObject = BC839C742C0F914A00AFADA4 /* Project object */;
}
